{
  "name": "x",
  "version": "1.0.0",
  "lockfileVersion": 1,
  "requires": true,
  "dependencies": {
    "simhash-js": {
      "version": "1.0.0",
      "resolved": "https://registry.npmjs.org/simhash-js/-/simhash-js-1.0.0.tgz",
      "integrity": "sha512-0amkwlDBXWWidaAXVpiZVF6xYNS8qG3mBbGcLRcyaAPsFDcsoaMxocBc08hrxI0dDDnd4IbfRkTJpTxks79/tg=="
    },
    "string-similarity": {
      "version": "4.0.1",
      "resolved": "https://registry.npmjs.org/string-similarity/-/string-similarity-4.0.1.tgz",
      "integrity": "sha512-v36MJzloekKVvKAsYi6O/qpn2mIuvwEFIT9Gx3yg4spkNjXYsk7yxc37g4ZTyMVIBvt/9PZGxnqEtme8XHK+Mw=="
    }
  }
}
